// !$*UTF8*$!
{
	archiveVersion = 1;
	classes = {
	};
	objectVersion = 56;
	objects = {

/* Begin PBXBuildFile section */
		738EC4C628CCE32100F85A4E /* CatViewAppApp.swift in Sources */ = {isa = PBXBuildFile; fileRef = 738EC4C528CCE32100F85A4E /* CatViewAppApp.swift */; };
		738EC4C828CCE32100F85A4E /* ContentView.swift in Sources */ = {isa = PBXBuildFile; fileRef = 738EC4C728CCE32100F85A4E /* ContentView.swift */; };
		738EC4CA28CCE32300F85A4E /* Assets.xcassets in Resources */ = {isa = PBXBuildFile; fileRef = 738EC4C928CCE32300F85A4E /* Assets.xcassets */; };
		738EC4CD28CCE32300F85A4E /* Preview Assets.xcassets in Resources */ = {isa = PBXBuildFile; fileRef = 738EC4CC28CCE32300F85A4E /* Preview Assets.xcassets */; };
		738EC4D728CCE9F800F85A4E /* Breed.swift in Sources */ = {isa = PBXBuildFile; fileRef = 738EC4D628CCE9F800F85A4E /* Breed.swift */; };
		738EC4D928CCEA0200F85A4E /* BreedImage.swift in Sources */ = {isa = PBXBuildFile; fileRef = 738EC4D828CCEA0200F85A4E /* BreedImage.swift */; };
		73A6B0CF28CCFAE600E59410 /* BreedFetcher.swift in Sources */ = {isa = PBXBuildFile; fileRef = 73A6B0CE28CCFAE600E59410 /* BreedFetcher.swift */; };
		73A6B0D128CD47C400E59410 /* BreedsListView.swift in Sources */ = {isa = PBXBuildFile; fileRef = 73A6B0D028CD47C400E59410 /* BreedsListView.swift */; };
		73A6B0D328CD47FE00E59410 /* ErrorView.swift in Sources */ = {isa = PBXBuildFile; fileRef = 73A6B0D228CD47FE00E59410 /* ErrorView.swift */; };
		73A6B0D528CD481000E59410 /* LoadingView.swift in Sources */ = {isa = PBXBuildFile; fileRef = 73A6B0D428CD481000E59410 /* LoadingView.swift */; };
/* End PBXBuildFile section */

/* Begin PBXFileReference section */
		738EC4C228CCE32100F85A4E /* CatViewApp.app */ = {isa = PBXFileReference; explicitFileType = wrapper.application; includeInIndex = 0; path = CatViewApp.app; sourceTree = BUILT_PRODUCTS_DIR; };
		738EC4C528CCE32100F85A4E /* CatViewAppApp.swift */ = {isa = PBXFileReference; lastKnownFileType = sourcecode.swift; path = CatViewAppApp.swift; sourceTree = "<group>"; };
		738EC4C728CCE32100F85A4E /* ContentView.swift */ = {isa = PBXFileReference; lastKnownFileType = sourcecode.swift; path = ContentView.swift; sourceTree = "<group>"; };
		738EC4C928CCE32300F85A4E /* Assets.xcassets */ = {isa = PBXFileReference; lastKnownFileType = folder.assetcatalog; path = Assets.xcassets; sourceTree = "<group>"; };
		738EC4CC28CCE32300F85A4E /* Preview Assets.xcassets */ = {isa = PBXFileReference; lastKnownFileType = folder.assetcatalog; path = "Preview Assets.xcassets"; sourceTree = "<group>"; };
		738EC4D628CCE9F800F85A4E /* Breed.swift */ = {isa = PBXFileReference; lastKnownFileType = sourcecode.swift; path = Breed.swift; sourceTree = "<group>"; };
		738EC4D828CCEA0200F85A4E /* BreedImage.swift */ = {isa = PBXFileReference; lastKnownFileType = sourcecode.swift; path = BreedImage.swift; sourceTree = "<group>"; };
		73A6B0CE28CCFAE600E59410 /* BreedFetcher.swift */ = {isa = PBXFileReference; lastKnownFileType = sourcecode.swift; path = BreedFetcher.swift; sourceTree = "<group>"; };
		73A6B0D028CD47C400E59410 /* BreedsListView.swift */ = {isa = PBXFileReference; lastKnownFileType = sourcecode.swift; path = BreedsListView.swift; sourceTree = "<group>"; };
		73A6B0D228CD47FE00E59410 /* ErrorView.swift */ = {isa = PBXFileReference; lastKnownFileType = sourcecode.swift; path = ErrorView.swift; sourceTree = "<group>"; };
		73A6B0D428CD481000E59410 /* LoadingView.swift */ = {isa = PBXFileReference; lastKnownFileType = sourcecode.swift; path = LoadingView.swift; sourceTree = "<group>"; };
/* End PBXFileReference section */

/* Begin PBXFrameworksBuildPhase section */
		738EC4BF28CCE32100F85A4E /* Frameworks */ = {
			isa = PBXFrameworksBuildPhase;
			buildActionMask = 2147483647;
			files = (
			);
			runOnlyForDeploymentPostprocessing = 0;
		};
/* End PBXFrameworksBuildPhase section */

/* Begin PBXGroup section */
		738EC4B928CCE32100F85A4E = {
			isa = PBXGroup;
			children = (
				738EC4C428CCE32100F85A4E /* CatViewApp */,
				738EC4C328CCE32100F85A4E /* Products */,
			);
			sourceTree = "<group>";
		};
		738EC4C328CCE32100F85A4E /* Products */ = {
			isa = PBXGroup;
			children = (
				738EC4C228CCE32100F85A4E /* CatViewApp.app */,
			);
			name = Products;
			sourceTree = "<group>";
		};
		738EC4C428CCE32100F85A4E /* CatViewApp */ = {
			isa = PBXGroup;
			children = (
				738EC4C528CCE32100F85A4E /* CatViewAppApp.swift */,
				738EC4C728CCE32100F85A4E /* ContentView.swift */,
				738EC4D528CCE96700F85A4E /* Models */,
				738EC4D428CCE96200F85A4E /* Networking */,
				738EC4D328CCE95B00F85A4E /* Views */,
				738EC4C928CCE32300F85A4E /* Assets.xcassets */,
				738EC4CB28CCE32300F85A4E /* Preview Content */,
			);
			path = CatViewApp;
			sourceTree = "<group>";
		};
		738EC4CB28CCE32300F85A4E /* Preview Content */ = {
			isa = PBXGroup;
			children = (
				738EC4CC28CCE32300F85A4E /* Preview Assets.xcassets */,
			);
			path = "Preview Content";
			sourceTree = "<group>";
		};
		738EC4D328CCE95B00F85A4E /* Views */ = {
			isa = PBXGroup;
			children = (
				73A6B0D028CD47C400E59410 /* BreedsListView.swift */,
				73A6B0D228CD47FE00E59410 /* ErrorView.swift */,
				73A6B0D428CD481000E59410 /* LoadingView.swift */,
			);
			path = Views;
			sourceTree = "<group>";
		};
		738EC4D428CCE96200F85A4E /* Networking */ = {
			isa = PBXGroup;
			children = (
				73A6B0CE28CCFAE600E59410 /* BreedFetcher.swift */,
			);
			path = Networking;
			sourceTree = "<group>";
		};
		738EC4D528CCE96700F85A4E /* Models */ = {
			isa = PBXGroup;
			children = (
				738EC4D628CCE9F800F85A4E /* Breed.swift */,
				738EC4D828CCEA0200F85A4E /* BreedImage.swift */,
			);
			path = Models;
			sourceTree = "<group>";
		};
/* End PBXGroup section */

/* Begin PBXNativeTarget section */
		738EC4C128CCE32100F85A4E /* CatViewApp */ = {
			isa = PBXNativeTarget;
			buildConfigurationList = 738EC4D028CCE32300F85A4E /* Build configuration list for PBXNativeTarget "CatViewApp" */;
			buildPhases = (
				738EC4BE28CCE32100F85A4E /* Sources */,
				738EC4BF28CCE32100F85A4E /* Frameworks */,
				738EC4C028CCE32100F85A4E /* Resources */,
			);
			buildRules = (
			);
			dependencies = (
			);
			name = CatViewApp;
			productName = CatViewApp;
			productReference = 738EC4C228CCE32100F85A4E /* CatViewApp.app */;
			productType = "com.apple.product-type.application";
		};
/* End PBXNativeTarget section */

/* Begin PBXProject section */
		738EC4BA28CCE32100F85A4E /* Project object */ = {
			isa = PBXProject;
			attributes = {
				BuildIndependentTargetsInParallel = 1;
				LastSwiftUpdateCheck = 1400;
				LastUpgradeCheck = 1400;
				TargetAttributes = {
					738EC4C128CCE32100F85A4E = {
						CreatedOnToolsVersion = 14.0;
					};
				};
			};
			buildConfigurationList = 738EC4BD28CCE32100F85A4E /* Build configuration list for PBXProject "CatViewApp" */;
			compatibilityVersion = "Xcode 14.0";
			developmentRegion = en;
			hasScannedForEncodings = 0;
			knownRegions = (
				en,
				Base,
			);
			mainGroup = 738EC4B928CCE32100F85A4E;
			productRefGroup = 738EC4C328CCE32100F85A4E /* Products */;
			projectDirPath = "";
			projectRoot = "";
			targets = (
				738EC4C128CCE32100F85A4E /* CatViewApp */,
			);
		};
/* End PBXProject section */

/* Begin PBXResourcesBuildPhase section */
		738EC4C028CCE32100F85A4E /* Resources */ = {
			isa = PBXResourcesBuildPhase;
			buildActionMask = 2147483647;
			files = (
				738EC4CD28CCE32300F85A4E /* Preview Assets.xcassets in Resources */,
				738EC4CA28CCE32300F85A4E /* Assets.xcassets in Resources */,
			);
			runOnlyForDeploymentPostprocessing = 0;
		};
/* End PBXResourcesBuildPhase section */

/* Begin PBXSourcesBuildPhase section */
		738EC4BE28CCE32100F85A4E /* Sources */ = {
			isa = PBXSourcesBuildPhase;
			buildActionMask = 2147483647;
			files = (
				738EC4D928CCEA0200F85A4E /* BreedImage.swift in Sources */,
				73A6B0D128CD47C400E59410 /* BreedsListView.swift in Sources */,
				738EC4D728CCE9F800F85A4E /* Breed.swift in Sources */,
				738EC4C828CCE32100F85A4E /* ContentView.swift in Sources */,
				73A6B0D328CD47FE00E59410 /* ErrorView.swift in Sources */,
				73A6B0D528CD481000E59410 /* LoadingView.swift in Sources */,
				73A6B0CF28CCFAE600E59410 /* BreedFetcher.swift in Sources */,
				738EC4C628CCE32100F85A4E /* CatViewAppApp.swift in Sources */,
			);
			runOnlyForDeploymentPostprocessing = 0;
		};
/* End PBXSourcesBuildPhase section */

/* Begin XCBuildConfiguration section */
		738EC4CE28CCE32300F85A4E /* Debug */ = {
			isa = XCBuildConfiguration;
			buildSettings = {
				ALWAYS_SEARCH_USER_PATHS = NO;
				CLANG_ANALYZER_NONNULL = YES;
				CLANG_ANALYZER_NUMBER_OBJECT_CONVERSION = YES_AGGRESSIVE;
				CLANG_CXX_LANGUAGE_STANDARD = "gnu++20";
				CLANG_ENABLE_MODULES = YES;
				CLANG_ENABLE_OBJC_ARC = YES;
				CLANG_ENABLE_OBJC_WEAK = YES;
				CLANG_WARN_BLOCK_CAPTURE_AUTORELEASING = YES;
				CLANG_WARN_BOOL_CONVERSION = YES;
				CLANG_WARN_COMMA = YES;
				CLANG_WARN_CONSTANT_CONVERSION = YES;
				CLANG_WARN_DEPRECATED_OBJC_IMPLEMENTATIONS = YES;
				CLANG_WARN_DIRECT_OBJC_ISA_USAGE = YES_ERROR;
				CLANG_WARN_DOCUMENTATION_COMMENTS = YES;
				CLANG_WARN_EMPTY_BODY = YES;
				CLANG_WARN_ENUM_CONVERSION = YES;
				CLANG_WARN_INFINITE_RECURSION = YES;
				CLANG_WARN_INT_CONVERSION = YES;
				CLANG_WARN_NON_LITERAL_NULL_CONVERSION = YES;
				CLANG_WARN_OBJC_IMPLICIT_RETAIN_SELF = YES;
				CLANG_WARN_OBJC_LITERAL_CONVERSION = YES;
				CLANG_WARN_OBJC_ROOT_CLASS = YES_ERROR;
				CLANG_WARN_QUOTED_INCLUDE_IN_FRAMEWORK_HEADER = YES;
				CLANG_WARN_RANGE_LOOP_ANALYSIS = YES;
				CLANG_WARN_STRICT_PROTOTYPES = YES;
				CLANG_WARN_SUSPICIOUS_MOVE = YES;
				CLANG_WARN_UNGUARDED_AVAILABILITY = YES_AGGRESSIVE;
				CLANG_WARN_UNREACHABLE_CODE = YES;
				CLANG_WARN__DUPLICATE_METHOD_MATCH = YES;
				COPY_PHASE_STRIP = NO;
				DEBUG_INFORMATION_FORMAT = dwarf;
				ENABLE_STRICT_OBJC_MSGSEND = YES;
				ENABLE_TESTABILITY = YES;
				GCC_C_LANGUAGE_STANDARD = gnu11;
				GCC_DYNAMIC_NO_PIC = NO;
				GCC_NO_COMMON_BLOCKS = YES;
				GCC_OPTIMIZATION_LEVEL = 0;
				GCC_PREPROCESSOR_DEFINITIONS = (
					"DEBUG=1",
					"$(inherited)",
				);
				GCC_WARN_64_TO_32_BIT_CONVERSION = YES;
				GCC_WARN_ABOUT_RETURN_TYPE = YES_ERROR;
				GCC_WARN_UNDECLARED_SELECTOR = YES;
				GCC_WARN_UNINITIALIZED_AUTOS = YES_AGGRESSIVE;
				GCC_WARN_UNUSED_FUNCTION = YES;
				GCC_WARN_UNUSED_VARIABLE = YES;
				IPHONEOS_DEPLOYMENT_TARGET = 16.0;
				MTL_ENABLE_DEBUG_INFO = INCLUDE_SOURCE;
				MTL_FAST_MATH = YES;
				ONLY_ACTIVE_ARCH = YES;
				SDKROOT = iphoneos;
				SWIFT_ACTIVE_COMPILATION_CONDITIONS = DEBUG;
				SWIFT_OPTIMIZATION_LEVEL = "-Onone";
			};
			name = Debug;
		};
		738EC4CF28CCE32300F85A4E /* Release */ = {
			isa = XCBuildConfiguration;
			buildSettings = {
				ALWAYS_SEARCH_USER_PATHS = NO;
				CLANG_ANALYZER_NONNULL = YES;
				CLANG_ANALYZER_NUMBER_OBJECT_CONVERSION = YES_AGGRESSIVE;
				CLANG_CXX_LANGUAGE_STANDARD = "gnu++20";
				CLANG_ENABLE_MODULES = YES;
				CLANG_ENABLE_OBJC_ARC = YES;
				CLANG_ENABLE_OBJC_WEAK = YES;
				CLANG_WARN_BLOCK_CAPTURE_AUTORELEASING = YES;
				CLANG_WARN_BOOL_CONVERSION = YES;
				CLANG_WARN_COMMA = YES;
				CLANG_WARN_CONSTANT_CONVERSION = YES;
				CLANG_WARN_DEPRECATED_OBJC_IMPLEMENTATIONS = YES;
				CLANG_WARN_DIRECT_OBJC_ISA_USAGE = YES_ERROR;
				CLANG_WARN_DOCUMENTATION_COMMENTS = YES;
				CLANG_WARN_EMPTY_BODY = YES;
				CLANG_WARN_ENUM_CONVERSION = YES;
				CLANG_WARN_INFINITE_RECURSION = YES;
				CLANG_WARN_INT_CONVERSION = YES;
				CLANG_WARN_NON_LITERAL_NULL_CONVERSION = YES;
				CLANG_WARN_OBJC_IMPLICIT_RETAIN_SELF = YES;
				CLANG_WARN_OBJC_LITERAL_CONVERSION = YES;
				CLANG_WARN_OBJC_ROOT_CLASS = YES_ERROR;
				CLANG_WARN_QUOTED_INCLUDE_IN_FRAMEWORK_HEADER = YES;
				CLANG_WARN_RANGE_LOOP_ANALYSIS = YES;
				CLANG_WARN_STRICT_PROTOTYPES = YES;
				CLANG_WARN_SUSPICIOUS_MOVE = YES;
				CLANG_WARN_UNGUARDED_AVAILABILITY = YES_AGGRESSIVE;
				CLANG_WARN_UNREACHABLE_CODE = YES;
				CLANG_WARN__DUPLICATE_METHOD_MATCH = YES;
				COPY_PHASE_STRIP = NO;
				DEBUG_INFORMATION_FORMAT = "dwarf-with-dsym";
				ENABLE_NS_ASSERTIONS = NO;
				ENABLE_STRICT_OBJC_MSGSEND = YES;
				GCC_C_LANGUAGE_STANDARD = gnu11;
				GCC_NO_COMMON_BLOCKS = YES;
				GCC_WARN_64_TO_32_BIT_CONVERSION = YES;
				GCC_WARN_ABOUT_RETURN_TYPE = YES_ERROR;
				GCC_WARN_UNDECLARED_SELECTOR = YES;
				GCC_WARN_UNINITIALIZED_AUTOS = YES_AGGRESSIVE;
				GCC_WARN_UNUSED_FUNCTION = YES;
				GCC_WARN_UNUSED_VARIABLE = YES;
				IPHONEOS_DEPLOYMENT_TARGET = 16.0;
				MTL_ENABLE_DEBUG_INFO = NO;
				MTL_FAST_MATH = YES;
				SDKROOT = iphoneos;
				SWIFT_COMPILATION_MODE = wholemodule;
				SWIFT_OPTIMIZATION_LEVEL = "-O";
				VALIDATE_PRODUCT = YES;
			};
			name = Release;
		};
		738EC4D128CCE32300F85A4E /* Debug */ = {
			isa = XCBuildConfiguration;
			buildSettings = {
				ASSETCATALOG_COMPILER_APPICON_NAME = AppIcon;
				ASSETCATALOG_COMPILER_GLOBAL_ACCENT_COLOR_NAME = AccentColor;
				CODE_SIGN_STYLE = Automatic;
				CURRENT_PROJECT_VERSION = 1;
				DEVELOPMENT_ASSET_PATHS = "\"CatViewApp/Preview Content\"";
				ENABLE_PREVIEWS = YES;
				GENERATE_INFOPLIST_FILE = YES;
				INFOPLIST_KEY_UIApplicationSceneManifest_Generation = YES;
				INFOPLIST_KEY_UIApplicationSupportsIndirectInputEvents = YES;
				INFOPLIST_KEY_UILaunchScreen_Generation = YES;
				INFOPLIST_KEY_UISupportedInterfaceOrientations_iPad = "UIInterfaceOrientationPortrait UIInterfaceOrientationPortraitUpsideDown UIInterfaceOrientationLandscapeLeft UIInterfaceOrientationLandscapeRight";
				INFOPLIST_KEY_UISupportedInterfaceOrientations_iPhone = "UIInterfaceOrientationPortrait UIInterfaceOrientationLandscapeLeft UIInterfaceOrientationLandscapeRight";
				LD_RUNPATH_SEARCH_PATHS = (
					"$(inherited)",
					"@executable_path/Frameworks",
				);
				MARKETING_VERSION = 1.0;
				PRODUCT_BUNDLE_IDENTIFIER = com.Arshin.CatViewApp;
				PRODUCT_NAME = "$(TARGET_NAME)";
				SWIFT_EMIT_LOC_STRINGS = YES;
				SWIFT_VERSION = 5.0;
				TARGETED_DEVICE_FAMILY = "1,2";
			};
			name = Debug;
		};
		738EC4D228CCE32300F85A4E /* Release */ = {
			isa = XCBuildConfiguration;
			buildSettings = {
				ASSETCATALOG_COMPILER_APPICON_NAME = AppIcon;
				ASSETCATALOG_COMPILER_GLOBAL_ACCENT_COLOR_NAME = AccentColor;
				CODE_SIGN_STYLE = Automatic;
				CURRENT_PROJECT_VERSION = 1;
				DEVELOPMENT_ASSET_PATHS = "\"CatViewApp/Preview Content\"";
				ENABLE_PREVIEWS = YES;
				GENERATE_INFOPLIST_FILE = YES;
				INFOPLIST_KEY_UIApplicationSceneManifest_Generation = YES;
				INFOPLIST_KEY_UIApplicationSupportsIndirectInputEvents = YES;
				INFOPLIST_KEY_UILaunchScreen_Generation = YES;
				INFOPLIST_KEY_UISupportedInterfaceOrientations_iPad = "UIInterfaceOrientationPortrait UIInterfaceOrientationPortraitUpsideDown UIInterfaceOrientationLandscapeLeft UIInterfaceOrientationLandscapeRight";
				INFOPLIST_KEY_UISupportedInterfaceOrientations_iPhone = "UIInterfaceOrientationPortrait UIInterfaceOrientationLandscapeLeft UIInterfaceOrientationLandscapeRight";
				LD_RUNPATH_SEARCH_PATHS = (
					"$(inherited)",
					"@executable_path/Frameworks",
				);
				MARKETING_VERSION = 1.0;
				PRODUCT_BUNDLE_IDENTIFIER = com.Arshin.CatViewApp;
				PRODUCT_NAME = "$(TARGET_NAME)";
				SWIFT_EMIT_LOC_STRINGS = YES;
				SWIFT_VERSION = 5.0;
				TARGETED_DEVICE_FAMILY = "1,2";
			};
			name = Release;
		};
/* End XCBuildConfiguration section */

/* Begin XCConfigurationList section */
		738EC4BD28CCE32100F85A4E /* Build configuration list for PBXProject "CatViewApp" */ = {
			isa = XCConfigurationList;
			buildConfigurations = (
				738EC4CE28CCE32300F85A4E /* Debug */,
				738EC4CF28CCE32300F85A4E /* Release */,
			);
			defaultConfigurationIsVisible = 0;
			defaultConfigurationName = Release;
		};
		738EC4D028CCE32300F85A4E /* Build configuration list for PBXNativeTarget "CatViewApp" */ = {
			isa = XCConfigurationList;
			buildConfigurations = (
				738EC4D128CCE32300F85A4E /* Debug */,
				738EC4D228CCE32300F85A4E /* Release */,
			);
			defaultConfigurationIsVisible = 0;
			defaultConfigurationName = Release;
		};
/* End XCConfigurationList section */
	};
	rootObject = 738EC4BA28CCE32100F85A4E /* Project object */;
}
